{
  "originHash" : "b2f3b2ca07b98b17b3d7afc19af67177454a8222f773cd7bd1aa94ca35de690c",
  "pins" : [
    {
      "identity" : "appstate",
      "kind" : "remoteSourceControl",
      "location" : "https://github.com/0xLeif/AppState.git",
      "state" : {
        "revision" : "10e8c65935abb39812aa0fb9d3ebc26e8ad56bf0",
        "version" : "2.2.0"
      }
    },
    {
      "identity" : "cache",
      "kind" : "remoteSourceControl",
      "location" : "https://github.com/0xLeif/Cache",
      "state" : {
        "revision" : "a535c68aab7bf0b42bda7a5de66b04f86e48c6e6",
        "version" : "2.1.0"
      }
    }
  ],
  "version" : 3
}
